
Microsoft Visual Studio Solution File, Format Version 12.00
# Visual Studio Version 16
VisualStudioVersion = 16.0.34301.259
MinimumVisualStudioVersion = 10.0.40219.1
Project("{8BC9CEB8-8B4A-11D0-8D11-00A0C91BC942}") = "13 Aug 2024", "13 Aug 2024.vcxproj", "{BF7CCF76-DF60-4BF2-9587-E77D9415A484}"
EndProject
Global
	GlobalSection(SolutionConfigurationPlatforms) = preSolution
		Debug|x64 = Debug|x64
		Debug|x86 = Debug|x86
		Release|x64 = Release|x64
		Release|x86 = Release|x86
	EndGlobalSection
	GlobalSection(ProjectConfigurationPlatforms) = postSolution
		{BF7CCF76-DF60-4BF2-9587-E77D9415A484}.Debug|x64.ActiveCfg = Debug|x64
		{BF7CCF76-DF60-4BF2-9587-E77D9415A484}.Debug|x64.Build.0 = Debug|x64
		{BF7CCF76-DF60-4BF2-9587-E77D9415A484}.Debug|x86.ActiveCfg = Debug|Win32
		{BF7CCF76-DF60-4BF2-9587-E77D9415A484}.Debug|x86.Build.0 = Debug|Win32
		{BF7CCF76-DF60-4BF2-9587-E77D9415A484}.Release|x64.ActiveCfg = Release|x64
		{BF7CCF76-DF60-4BF2-9587-E77D9415A484}.Release|x64.Build.0 = Release|x64
		{BF7CCF76-DF60-4BF2-9587-E77D9415A484}.Release|x86.ActiveCfg = Release|Win32
		{BF7CCF76-DF60-4BF2-9587-E77D9415A484}.Release|x86.Build.0 = Release|Win32
	EndGlobalSection
	GlobalSection(SolutionProperties) = preSolution
		HideSolutionNode = FALSE
	EndGlobalSection
	GlobalSection(ExtensibilityGlobals) = postSolution
		SolutionGuid = {233FC2F7-DCBA-4A17-8C13-090BB08DE57F}
	EndGlobalSection
EndGlobal
